
Microsoft Visual Studio Solution File, Format Version 12.00
# Visual Studio Version 16
VisualStudioVersion = 16.0.31105.61
MinimumVisualStudioVersion = 10.0.40219.1
Project("{FAE04EC0-301F-11D3-BF4B-00C04F79EFBC}") = "VendingMachine", "VendingMachine\VendingMachine.csproj", "{ECC2B0CD-4E08-4384-A604-F19F240C8DC0}"
EndProject
Project("{FAE04EC0-301F-11D3-BF4B-00C04F79EFBC}") = "VendingMachine.Tests", "VendingMachine.Tests\VendingMachine.Tests.csproj", "{D7A6D2FD-5BD5-4AE1-8E5E-E1D9B54A909F}"
EndProject
Global
	GlobalSection(SolutionConfigurationPlatforms) = preSolution
		Debug|Any CPU = Debug|Any CPU
		Release|Any CPU = Release|Any CPU
	EndGlobalSection
	GlobalSection(ProjectConfigurationPlatforms) = postSolution
		{ECC2B0CD-4E08-4384-A604-F19F240C8DC0}.Debug|Any CPU.ActiveCfg = Debug|Any CPU
		{ECC2B0CD-4E08-4384-A604-F19F240C8DC0}.Debug|Any CPU.Build.0 = Debug|Any CPU
		{ECC2B0CD-4E08-4384-A604-F19F240C8DC0}.Release|Any CPU.ActiveCfg = Release|Any CPU
		{ECC2B0CD-4E08-4384-A604-F19F240C8DC0}.Release|Any CPU.Build.0 = Release|Any CPU
		{D7A6D2FD-5BD5-4AE1-8E5E-E1D9B54A909F}.Debug|Any CPU.ActiveCfg = Debug|Any CPU
		{D7A6D2FD-5BD5-4AE1-8E5E-E1D9B54A909F}.Debug|Any CPU.Build.0 = Debug|Any CPU
		{D7A6D2FD-5BD5-4AE1-8E5E-E1D9B54A909F}.Release|Any CPU.ActiveCfg = Release|Any CPU
		{D7A6D2FD-5BD5-4AE1-8E5E-E1D9B54A909F}.Release|Any CPU.Build.0 = Release|Any CPU
	EndGlobalSection
	GlobalSection(SolutionProperties) = preSolution
		HideSolutionNode = FALSE
	EndGlobalSection
	GlobalSection(ExtensibilityGlobals) = postSolution
		SolutionGuid = {171344FA-B822-4887-9909-32F5E69CB949}
	EndGlobalSection
EndGlobal
